
Microsoft Visual Studio Solution File, Format Version 12.00
Project("{FAE04EC0-301F-11D3-BF4B-00C04F79EFBC}") = "SnakesAndLadders.Engine", "SnakesAndLadders.Engine\SnakesAndLadders.Engine.csproj", "{0D2CE5A4-90E3-4143-A6F5-8C7B658B9A02}"
EndProject
Project("{FAE04EC0-301F-11D3-BF4B-00C04F79EFBC}") = "SnakesAndLadders.Test", "SnakesAndLadders.Test\SnakesAndLadders.Test.csproj", "{48AA1EB9-AC04-4BC7-A267-7BDD0409EA3D}"
EndProject
Global
	GlobalSection(SolutionConfigurationPlatforms) = preSolution
		Debug|Any CPU = Debug|Any CPU
		Release|Any CPU = Release|Any CPU
	EndGlobalSection
	GlobalSection(ProjectConfigurationPlatforms) = postSolution
		{0D2CE5A4-90E3-4143-A6F5-8C7B658B9A02}.Debug|Any CPU.ActiveCfg = Debug|Any CPU
		{0D2CE5A4-90E3-4143-A6F5-8C7B658B9A02}.Debug|Any CPU.Build.0 = Debug|Any CPU
		{0D2CE5A4-90E3-4143-A6F5-8C7B658B9A02}.Release|Any CPU.ActiveCfg = Release|Any CPU
		{0D2CE5A4-90E3-4143-A6F5-8C7B658B9A02}.Release|Any CPU.Build.0 = Release|Any CPU
		{48AA1EB9-AC04-4BC7-A267-7BDD0409EA3D}.Debug|Any CPU.ActiveCfg = Debug|Any CPU
		{48AA1EB9-AC04-4BC7-A267-7BDD0409EA3D}.Debug|Any CPU.Build.0 = Debug|Any CPU
		{48AA1EB9-AC04-4BC7-A267-7BDD0409EA3D}.Release|Any CPU.ActiveCfg = Release|Any CPU
		{48AA1EB9-AC04-4BC7-A267-7BDD0409EA3D}.Release|Any CPU.Build.0 = Release|Any CPU
	EndGlobalSection
EndGlobal
